
Microsoft Visual Studio Solution File, Format Version 12.00
# Visual Studio 15
VisualStudioVersion = 15.0.27130.2010
MinimumVisualStudioVersion = 10.0.40219.1
Project("{FAE04EC0-301F-11D3-BF4B-00C04F79EFBC}") = "FileScan", "FileScan.csproj", "{A664FF3B-E5DE-4D51-B0C2-00607B1B3D26}"
EndProject
Global
	GlobalSection(SolutionConfigurationPlatforms) = preSolution
		Debug|Any CPU = Debug|Any CPU
		Debug|x64 = Debug|x64
		Release|Any CPU = Release|Any CPU
		Release|x64 = Release|x64
	EndGlobalSection
	GlobalSection(ProjectConfigurationPlatforms) = postSolution
		{A664FF3B-E5DE-4D51-B0C2-00607B1B3D26}.Debug|Any CPU.ActiveCfg = Debug|Any CPU
		{A664FF3B-E5DE-4D51-B0C2-00607B1B3D26}.Debug|Any CPU.Build.0 = Debug|Any CPU
		{A664FF3B-E5DE-4D51-B0C2-00607B1B3D26}.Debug|x64.ActiveCfg = Debug|x64
		{A664FF3B-E5DE-4D51-B0C2-00607B1B3D26}.Debug|x64.Build.0 = Debug|x64
		{A664FF3B-E5DE-4D51-B0C2-00607B1B3D26}.Release|Any CPU.ActiveCfg = Release|Any CPU
		{A664FF3B-E5DE-4D51-B0C2-00607B1B3D26}.Release|Any CPU.Build.0 = Release|Any CPU
		{A664FF3B-E5DE-4D51-B0C2-00607B1B3D26}.Release|x64.ActiveCfg = Release|x64
		{A664FF3B-E5DE-4D51-B0C2-00607B1B3D26}.Release|x64.Build.0 = Release|x64
	EndGlobalSection
	GlobalSection(SolutionProperties) = preSolution
		HideSolutionNode = FALSE
	EndGlobalSection
	GlobalSection(ExtensibilityGlobals) = postSolution
		SolutionGuid = {7FEF1DCF-EBA6-4395-A97B-95AD231088D0}
	EndGlobalSection
EndGlobal
